
Microsoft Visual Studio Solution File, Format Version 12.00
# Visual Studio Version 17
VisualStudioVersion = 17.5.002.0
MinimumVisualStudioVersion = 10.0.40219.1
Project("{9A19103F-16F7-4668-BE54-9A1E7A4F7556}") = "Iks_Api_GetPlayers", "Iks_Api_GetPlayers.csproj", "{6A3E4163-9C97-48BE-9DFE-9440C23C8516}"
EndProject
Global
	GlobalSection(SolutionConfigurationPlatforms) = preSolution
		Debug|Any CPU = Debug|Any CPU
		Release|Any CPU = Release|Any CPU
	EndGlobalSection
	GlobalSection(ProjectConfigurationPlatforms) = postSolution
		{6A3E4163-9C97-48BE-9DFE-9440C23C8516}.Debug|Any CPU.ActiveCfg = Debug|Any CPU
		{6A3E4163-9C97-48BE-9DFE-9440C23C8516}.Debug|Any CPU.Build.0 = Debug|Any CPU
		{6A3E4163-9C97-48BE-9DFE-9440C23C8516}.Release|Any CPU.ActiveCfg = Release|Any CPU
		{6A3E4163-9C97-48BE-9DFE-9440C23C8516}.Release|Any CPU.Build.0 = Release|Any CPU
	EndGlobalSection
	GlobalSection(SolutionProperties) = preSolution
		HideSolutionNode = FALSE
	EndGlobalSection
	GlobalSection(ExtensibilityGlobals) = postSolution
		SolutionGuid = {BEEC7B59-6512-4A4D-97B7-1EF1F89CD9F6}
	EndGlobalSection
EndGlobal
